Microsoft Visual Studio Solution File, Format Version 11.00
# Visual Studio 2008

Project("{D9C9F0A1-FF61-64B6-244E-6548679D9C44}") = "Number-Wizard-Ui", "Assembly-CSharp.csproj", "{ECD81875-7743-5568-B6CE-C78E2FB30D12}"
EndProject
Global
	GlobalSection(SolutionConfigurationPlatforms) = preSolution
		Debug|Any CPU = Debug|Any CPU
		Release|Any CPU = Release|Any CPU
	EndGlobalSection
	GlobalSection(ProjectConfigurationPlatforms) = postSolution
		{ECD81875-7743-5568-B6CE-C78E2FB30D12}.Debug|Any CPU.ActiveCfg = Debug|Any CPU
		{ECD81875-7743-5568-B6CE-C78E2FB30D12}.Debug|Any CPU.Build.0 = Debug|Any CPU
		{ECD81875-7743-5568-B6CE-C78E2FB30D12}.Release|Any CPU.ActiveCfg = Release|Any CPU
		{ECD81875-7743-5568-B6CE-C78E2FB30D12}.Release|Any CPU.Build.0 = Release|Any CPU
	EndGlobalSection
	GlobalSection(SolutionProperties) = preSolution
		HideSolutionNode = FALSE
	EndGlobalSection
	GlobalSection(MonoDevelopProperties) = preSolution
		StartupItem = Assembly-CSharp.csproj
	EndGlobalSection
EndGlobal
